
Microsoft Visual Studio Solution File, Format Version 12.00
# Visual Studio 15
VisualStudioVersion = 15.0.26124.0
MinimumVisualStudioVersion = 15.0.26124.0
Project("{2150E333-8FDC-42A3-9474-1A3956D46DE8}") = ".paket", ".paket", "{67FC1B61-90AD-428A-A9E3-DA17FDDD77D4}"
	ProjectSection(SolutionItems) = preProject
		paket.dependencies = paket.dependencies
	EndProjectSection
EndProject
Project("{2150E333-8FDC-42A3-9474-1A3956D46DE8}") = "src", "src", "{0B15BD1D-CB49-49B0-AFB8-D0B6F7DD32EB}"
EndProject
Project("{FAE04EC0-301F-11D3-BF4B-00C04F79EFBC}") = "Modulbank.BuhTemplate.Application", "src\Modulbank.BuhTemplate.Application\Modulbank.BuhTemplate.Application.csproj", "{DEDF5530-06BD-4E74-8C94-AA4B028362C5}"
EndProject
Project("{FAE04EC0-301F-11D3-BF4B-00C04F79EFBC}") = "Modulbank.BuhTemplate.BusinessLogic", "src\Modulbank.BuhTemplate.BusinessLogic\Modulbank.BuhTemplate.BusinessLogic.csproj", "{73001600-4DF0-4A02-BA96-BF3583C126E9}"
EndProject
Project("{2150E333-8FDC-42A3-9474-1A3956D46DE8}") = "test", "test", "{D879DE9F-4992-493F-93F5-1DA7B46314C7}"
EndProject
Project("{FAE04EC0-301F-11D3-BF4B-00C04F79EFBC}") = "Modulbank.BuhTemplate.UnitTests", "test\Modulbank.BuhTemplate.UnitTests\Modulbank.BuhTemplate.UnitTests.csproj", "{C61462C3-42A0-424E-99E1-9C60E05FCA27}"
EndProject
Global
	GlobalSection(SolutionConfigurationPlatforms) = preSolution
		Debug|Any CPU = Debug|Any CPU
		Debug|x64 = Debug|x64
		Debug|x86 = Debug|x86
		Release|Any CPU = Release|Any CPU
		Release|x64 = Release|x64
		Release|x86 = Release|x86
	EndGlobalSection
	GlobalSection(SolutionProperties) = preSolution
		HideSolutionNode = FALSE
	EndGlobalSection
	GlobalSection(ProjectConfigurationPlatforms) = postSolution
		{DEDF5530-06BD-4E74-8C94-AA4B028362C5}.Debug|Any CPU.ActiveCfg = Debug|Any CPU
		{DEDF5530-06BD-4E74-8C94-AA4B028362C5}.Debug|Any CPU.Build.0 = Debug|Any CPU
		{DEDF5530-06BD-4E74-8C94-AA4B028362C5}.Debug|x64.ActiveCfg = Debug|Any CPU
		{DEDF5530-06BD-4E74-8C94-AA4B028362C5}.Debug|x64.Build.0 = Debug|Any CPU
		{DEDF5530-06BD-4E74-8C94-AA4B028362C5}.Debug|x86.ActiveCfg = Debug|Any CPU
		{DEDF5530-06BD-4E74-8C94-AA4B028362C5}.Debug|x86.Build.0 = Debug|Any CPU
		{DEDF5530-06BD-4E74-8C94-AA4B028362C5}.Release|Any CPU.ActiveCfg = Release|Any CPU
		{DEDF5530-06BD-4E74-8C94-AA4B028362C5}.Release|Any CPU.Build.0 = Release|Any CPU
		{DEDF5530-06BD-4E74-8C94-AA4B028362C5}.Release|x64.ActiveCfg = Release|Any CPU
		{DEDF5530-06BD-4E74-8C94-AA4B028362C5}.Release|x64.Build.0 = Release|Any CPU
		{DEDF5530-06BD-4E74-8C94-AA4B028362C5}.Release|x86.ActiveCfg = Release|Any CPU
		{DEDF5530-06BD-4E74-8C94-AA4B028362C5}.Release|x86.Build.0 = Release|Any CPU
		{73001600-4DF0-4A02-BA96-BF3583C126E9}.Debug|Any CPU.ActiveCfg = Debug|Any CPU
		{73001600-4DF0-4A02-BA96-BF3583C126E9}.Debug|Any CPU.Build.0 = Debug|Any CPU
		{73001600-4DF0-4A02-BA96-BF3583C126E9}.Debug|x64.ActiveCfg = Debug|Any CPU
		{73001600-4DF0-4A02-BA96-BF3583C126E9}.Debug|x64.Build.0 = Debug|Any CPU
		{73001600-4DF0-4A02-BA96-BF3583C126E9}.Debug|x86.ActiveCfg = Debug|Any CPU
		{73001600-4DF0-4A02-BA96-BF3583C126E9}.Debug|x86.Build.0 = Debug|Any CPU
		{73001600-4DF0-4A02-BA96-BF3583C126E9}.Release|Any CPU.ActiveCfg = Release|Any CPU
		{73001600-4DF0-4A02-BA96-BF3583C126E9}.Release|Any CPU.Build.0 = Release|Any CPU
		{73001600-4DF0-4A02-BA96-BF3583C126E9}.Release|x64.ActiveCfg = Release|Any CPU
		{73001600-4DF0-4A02-BA96-BF3583C126E9}.Release|x64.Build.0 = Release|Any CPU
		{73001600-4DF0-4A02-BA96-BF3583C126E9}.Release|x86.ActiveCfg = Release|Any CPU
		{73001600-4DF0-4A02-BA96-BF3583C126E9}.Release|x86.Build.0 = Release|Any CPU
		{C61462C3-42A0-424E-99E1-9C60E05FCA27}.Debug|Any CPU.ActiveCfg = Debug|Any CPU
		{C61462C3-42A0-424E-99E1-9C60E05FCA27}.Debug|Any CPU.Build.0 = Debug|Any CPU
		{C61462C3-42A0-424E-99E1-9C60E05FCA27}.Debug|x64.ActiveCfg = Debug|Any CPU
		{C61462C3-42A0-424E-99E1-9C60E05FCA27}.Debug|x64.Build.0 = Debug|Any CPU
		{C61462C3-42A0-424E-99E1-9C60E05FCA27}.Debug|x86.ActiveCfg = Debug|Any CPU
		{C61462C3-42A0-424E-99E1-9C60E05FCA27}.Debug|x86.Build.0 = Debug|Any CPU
		{C61462C3-42A0-424E-99E1-9C60E05FCA27}.Release|Any CPU.ActiveCfg = Release|Any CPU
		{C61462C3-42A0-424E-99E1-9C60E05FCA27}.Release|Any CPU.Build.0 = Release|Any CPU
		{C61462C3-42A0-424E-99E1-9C60E05FCA27}.Release|x64.ActiveCfg = Release|Any CPU
		{C61462C3-42A0-424E-99E1-9C60E05FCA27}.Release|x64.Build.0 = Release|Any CPU
		{C61462C3-42A0-424E-99E1-9C60E05FCA27}.Release|x86.ActiveCfg = Release|Any CPU
		{C61462C3-42A0-424E-99E1-9C60E05FCA27}.Release|x86.Build.0 = Release|Any CPU
	EndGlobalSection
	GlobalSection(NestedProjects) = preSolution
		{DEDF5530-06BD-4E74-8C94-AA4B028362C5} = {0B15BD1D-CB49-49B0-AFB8-D0B6F7DD32EB}
		{73001600-4DF0-4A02-BA96-BF3583C126E9} = {0B15BD1D-CB49-49B0-AFB8-D0B6F7DD32EB}
		{C61462C3-42A0-424E-99E1-9C60E05FCA27} = {D879DE9F-4992-493F-93F5-1DA7B46314C7}
	EndGlobalSection
EndGlobal
