
Microsoft Visual Studio Solution File, Format Version 12.00
# Visual Studio 15
VisualStudioVersion = 15.0.26124.0
MinimumVisualStudioVersion = 15.0.26124.0
Project("{2150E333-8FDC-42A3-9474-1A3956D46DE8}") = "lib", "lib", "{77E8DA4D-BE34-4A23-BDED-7130EAB0C315}"
EndProject
Project("{FAE04EC0-301F-11D3-BF4B-00C04F79EFBC}") = "template.BusinessLogic", "lib\template.BusinessLogic\template.BusinessLogic.csproj", "{454D0829-77F2-49DF-A730-12B0D65568AF}"
EndProject
Project("{FAE04EC0-301F-11D3-BF4B-00C04F79EFBC}") = "template", "service\template.csproj", "{C15A2207-F9CB-49B1-AE66-89929FBDFD8A}"
EndProject
Project("{2150E333-8FDC-42A3-9474-1A3956D46DE8}") = "test", "test", "{DECB2AC9-5E73-4A58-B186-034321999065}"
EndProject
Project("{FAE04EC0-301F-11D3-BF4B-00C04F79EFBC}") = "template.UnitTests", "test\template.UnitTests\template.UnitTests.csproj", "{C61BC8B4-6652-40D5-8B0D-73AF47E0D2DC}"
EndProject
Global
	GlobalSection(SolutionConfigurationPlatforms) = preSolution
		Debug|Any CPU = Debug|Any CPU
		Debug|x64 = Debug|x64
		Debug|x86 = Debug|x86
		Release|Any CPU = Release|Any CPU
		Release|x64 = Release|x64
		Release|x86 = Release|x86
	EndGlobalSection
	GlobalSection(SolutionProperties) = preSolution
		HideSolutionNode = FALSE
	EndGlobalSection
	GlobalSection(ProjectConfigurationPlatforms) = postSolution
		{454D0829-77F2-49DF-A730-12B0D65568AF}.Debug|Any CPU.ActiveCfg = Debug|Any CPU
		{454D0829-77F2-49DF-A730-12B0D65568AF}.Debug|Any CPU.Build.0 = Debug|Any CPU
		{454D0829-77F2-49DF-A730-12B0D65568AF}.Debug|x64.ActiveCfg = Debug|Any CPU
		{454D0829-77F2-49DF-A730-12B0D65568AF}.Debug|x64.Build.0 = Debug|Any CPU
		{454D0829-77F2-49DF-A730-12B0D65568AF}.Debug|x86.ActiveCfg = Debug|Any CPU
		{454D0829-77F2-49DF-A730-12B0D65568AF}.Debug|x86.Build.0 = Debug|Any CPU
		{454D0829-77F2-49DF-A730-12B0D65568AF}.Release|Any CPU.ActiveCfg = Release|Any CPU
		{454D0829-77F2-49DF-A730-12B0D65568AF}.Release|Any CPU.Build.0 = Release|Any CPU
		{454D0829-77F2-49DF-A730-12B0D65568AF}.Release|x64.ActiveCfg = Release|Any CPU
		{454D0829-77F2-49DF-A730-12B0D65568AF}.Release|x64.Build.0 = Release|Any CPU
		{454D0829-77F2-49DF-A730-12B0D65568AF}.Release|x86.ActiveCfg = Release|Any CPU
		{454D0829-77F2-49DF-A730-12B0D65568AF}.Release|x86.Build.0 = Release|Any CPU
		{C15A2207-F9CB-49B1-AE66-89929FBDFD8A}.Debug|Any CPU.ActiveCfg = Debug|Any CPU
		{C15A2207-F9CB-49B1-AE66-89929FBDFD8A}.Debug|Any CPU.Build.0 = Debug|Any CPU
		{C15A2207-F9CB-49B1-AE66-89929FBDFD8A}.Debug|x64.ActiveCfg = Debug|Any CPU
		{C15A2207-F9CB-49B1-AE66-89929FBDFD8A}.Debug|x64.Build.0 = Debug|Any CPU
		{C15A2207-F9CB-49B1-AE66-89929FBDFD8A}.Debug|x86.ActiveCfg = Debug|Any CPU
		{C15A2207-F9CB-49B1-AE66-89929FBDFD8A}.Debug|x86.Build.0 = Debug|Any CPU
		{C15A2207-F9CB-49B1-AE66-89929FBDFD8A}.Release|Any CPU.ActiveCfg = Release|Any CPU
		{C15A2207-F9CB-49B1-AE66-89929FBDFD8A}.Release|Any CPU.Build.0 = Release|Any CPU
		{C15A2207-F9CB-49B1-AE66-89929FBDFD8A}.Release|x64.ActiveCfg = Release|Any CPU
		{C15A2207-F9CB-49B1-AE66-89929FBDFD8A}.Release|x64.Build.0 = Release|Any CPU
		{C15A2207-F9CB-49B1-AE66-89929FBDFD8A}.Release|x86.ActiveCfg = Release|Any CPU
		{C15A2207-F9CB-49B1-AE66-89929FBDFD8A}.Release|x86.Build.0 = Release|Any CPU
		{C61BC8B4-6652-40D5-8B0D-73AF47E0D2DC}.Debug|Any CPU.ActiveCfg = Debug|Any CPU
		{C61BC8B4-6652-40D5-8B0D-73AF47E0D2DC}.Debug|Any CPU.Build.0 = Debug|Any CPU
		{C61BC8B4-6652-40D5-8B0D-73AF47E0D2DC}.Debug|x64.ActiveCfg = Debug|Any CPU
		{C61BC8B4-6652-40D5-8B0D-73AF47E0D2DC}.Debug|x64.Build.0 = Debug|Any CPU
		{C61BC8B4-6652-40D5-8B0D-73AF47E0D2DC}.Debug|x86.ActiveCfg = Debug|Any CPU
		{C61BC8B4-6652-40D5-8B0D-73AF47E0D2DC}.Debug|x86.Build.0 = Debug|Any CPU
		{C61BC8B4-6652-40D5-8B0D-73AF47E0D2DC}.Release|Any CPU.ActiveCfg = Release|Any CPU
		{C61BC8B4-6652-40D5-8B0D-73AF47E0D2DC}.Release|Any CPU.Build.0 = Release|Any CPU
		{C61BC8B4-6652-40D5-8B0D-73AF47E0D2DC}.Release|x64.ActiveCfg = Release|Any CPU
		{C61BC8B4-6652-40D5-8B0D-73AF47E0D2DC}.Release|x64.Build.0 = Release|Any CPU
		{C61BC8B4-6652-40D5-8B0D-73AF47E0D2DC}.Release|x86.ActiveCfg = Release|Any CPU
		{C61BC8B4-6652-40D5-8B0D-73AF47E0D2DC}.Release|x86.Build.0 = Release|Any CPU
	EndGlobalSection
	GlobalSection(NestedProjects) = preSolution
		{454D0829-77F2-49DF-A730-12B0D65568AF} = {77E8DA4D-BE34-4A23-BDED-7130EAB0C315}
		{C61BC8B4-6652-40D5-8B0D-73AF47E0D2DC} = {DECB2AC9-5E73-4A58-B186-034321999065}
	EndGlobalSection
EndGlobal
